// !$*UTF8*$!
{
	archiveVersion = 1;
	classes = {
	};
	objectVersion = 56;
	objects = {

/* Begin PBXBuildFile section */
		932A027C295B983F000AAD1E /* RainminderApp.swift in Sources */ = {isa = PBXBuildFile; fileRef = 932A027B295B983F000AAD1E /* RainminderApp.swift */; };
		932A027E295B983F000AAD1E /* ContentView.swift in Sources */ = {isa = PBXBuildFile; fileRef = 932A027D295B983F000AAD1E /* ContentView.swift */; };
		932A0280295B9841000AAD1E /* Assets.xcassets in Resources */ = {isa = PBXBuildFile; fileRef = 932A027F295B9841000AAD1E /* Assets.xcassets */; };
		932A0283295B9841000AAD1E /* Preview Assets.xcassets in Resources */ = {isa = PBXBuildFile; fileRef = 932A0282295B9841000AAD1E /* Preview Assets.xcassets */; };
		932A028B295B98EB000AAD1E /* InfoCard.swift in Sources */ = {isa = PBXBuildFile; fileRef = 932A028A295B98EB000AAD1E /* InfoCard.swift */; };
		932A028D295B9A51000AAD1E /* InfoGrid.swift in Sources */ = {isa = PBXBuildFile; fileRef = 932A028C295B9A51000AAD1E /* InfoGrid.swift */; };
		932A028F295BA1B2000AAD1E /* WeekSummary.swift in Sources */ = {isa = PBXBuildFile; fileRef = 932A028E295BA1B2000AAD1E /* WeekSummary.swift */; };
		932A0291295BA383000AAD1E /* Calendar+Ext.swift in Sources */ = {isa = PBXBuildFile; fileRef = 932A0290295BA383000AAD1E /* Calendar+Ext.swift */; };
		932A0293295CC422000AAD1E /* WatchCard.swift in Sources */ = {isa = PBXBuildFile; fileRef = 932A0292295CC422000AAD1E /* WatchCard.swift */; };
		932A0296295D00B0000AAD1E /* WatchCreateView.swift in Sources */ = {isa = PBXBuildFile; fileRef = 932A0295295D00B0000AAD1E /* WatchCreateView.swift */; };
		932A0298295DEE73000AAD1E /* WatchDayToggle.swift in Sources */ = {isa = PBXBuildFile; fileRef = 932A0297295DEE73000AAD1E /* WatchDayToggle.swift */; };
		932A029A296087CF000AAD1E /* SettingsView.swift in Sources */ = {isa = PBXBuildFile; fileRef = 932A0299296087CF000AAD1E /* SettingsView.swift */; };
		932A029C2960AEC8000AAD1E /* InterfaceStyle.swift in Sources */ = {isa = PBXBuildFile; fileRef = 932A029B2960AEC7000AAD1E /* InterfaceStyle.swift */; };
		932A029E2960AFAD000AAD1E /* UserColorSchemeModifier.swift in Sources */ = {isa = PBXBuildFile; fileRef = 932A029D2960AFAD000AAD1E /* UserColorSchemeModifier.swift */; };
		932A02A12960B4E8000AAD1E /* AppStorageKeys.swift in Sources */ = {isa = PBXBuildFile; fileRef = 932A02A02960B4E8000AAD1E /* AppStorageKeys.swift */; };
		932A02A42960B82F000AAD1E /* AccentStyle.swift in Sources */ = {isa = PBXBuildFile; fileRef = 932A02A32960B82F000AAD1E /* AccentStyle.swift */; };
		932A02A62960BC6A000AAD1E /* AccentsPicker.swift in Sources */ = {isa = PBXBuildFile; fileRef = 932A02A52960BC6A000AAD1E /* AccentsPicker.swift */; };
		932A02A829620FEA000AAD1E /* Watch.swift in Sources */ = {isa = PBXBuildFile; fileRef = 932A02A729620FEA000AAD1E /* Watch.swift */; };
		932A02AA2962165F000AAD1E /* WatchDayDisplay.swift in Sources */ = {isa = PBXBuildFile; fileRef = 932A02A92962165F000AAD1E /* WatchDayDisplay.swift */; };
		932A02AD2964D42A000AAD1E /* LocationPicker.swift in Sources */ = {isa = PBXBuildFile; fileRef = 932A02AC2964D42A000AAD1E /* LocationPicker.swift */; };
		932A02AF29651E7E000AAD1E /* LocationCell.swift in Sources */ = {isa = PBXBuildFile; fileRef = 932A02AE29651E7E000AAD1E /* LocationCell.swift */; };
		932A02B129666A0E000AAD1E /* WatchSelectionDialog.swift in Sources */ = {isa = PBXBuildFile; fileRef = 932A02B029666A0E000AAD1E /* WatchSelectionDialog.swift */; };
		932A02B429666CF7000AAD1E /* DashboardView.swift in Sources */ = {isa = PBXBuildFile; fileRef = 932A02B329666CF7000AAD1E /* DashboardView.swift */; };
/* End PBXBuildFile section */

/* Begin PBXFileReference section */
		932A0278295B983F000AAD1E /* Rainminder.app */ = {isa = PBXFileReference; explicitFileType = wrapper.application; includeInIndex = 0; path = Rainminder.app; sourceTree = BUILT_PRODUCTS_DIR; };
		932A027B295B983F000AAD1E /* RainminderApp.swift */ = {isa = PBXFileReference; lastKnownFileType = sourcecode.swift; path = RainminderApp.swift; sourceTree = "<group>"; };
		932A027D295B983F000AAD1E /* ContentView.swift */ = {isa = PBXFileReference; lastKnownFileType = sourcecode.swift; path = ContentView.swift; sourceTree = "<group>"; };
		932A027F295B9841000AAD1E /* Assets.xcassets */ = {isa = PBXFileReference; lastKnownFileType = folder.assetcatalog; path = Assets.xcassets; sourceTree = "<group>"; };
		932A0282295B9841000AAD1E /* Preview Assets.xcassets */ = {isa = PBXFileReference; lastKnownFileType = folder.assetcatalog; path = "Preview Assets.xcassets"; sourceTree = "<group>"; };
		932A028A295B98EB000AAD1E /* InfoCard.swift */ = {isa = PBXFileReference; lastKnownFileType = sourcecode.swift; path = InfoCard.swift; sourceTree = "<group>"; };
		932A028C295B9A51000AAD1E /* InfoGrid.swift */ = {isa = PBXFileReference; lastKnownFileType = sourcecode.swift; path = InfoGrid.swift; sourceTree = "<group>"; };
		932A028E295BA1B2000AAD1E /* WeekSummary.swift */ = {isa = PBXFileReference; lastKnownFileType = sourcecode.swift; path = WeekSummary.swift; sourceTree = "<group>"; };
		932A0290295BA383000AAD1E /* Calendar+Ext.swift */ = {isa = PBXFileReference; lastKnownFileType = sourcecode.swift; path = "Calendar+Ext.swift"; sourceTree = "<group>"; };
		932A0292295CC422000AAD1E /* WatchCard.swift */ = {isa = PBXFileReference; lastKnownFileType = sourcecode.swift; path = WatchCard.swift; sourceTree = "<group>"; };
		932A0295295D00B0000AAD1E /* WatchCreateView.swift */ = {isa = PBXFileReference; lastKnownFileType = sourcecode.swift; path = WatchCreateView.swift; sourceTree = "<group>"; };
		932A0297295DEE73000AAD1E /* WatchDayToggle.swift */ = {isa = PBXFileReference; lastKnownFileType = sourcecode.swift; path = WatchDayToggle.swift; sourceTree = "<group>"; };
		932A0299296087CF000AAD1E /* SettingsView.swift */ = {isa = PBXFileReference; lastKnownFileType = sourcecode.swift; path = SettingsView.swift; sourceTree = "<group>"; };
		932A029B2960AEC7000AAD1E /* InterfaceStyle.swift */ = {isa = PBXFileReference; lastKnownFileType = sourcecode.swift; path = InterfaceStyle.swift; sourceTree = "<group>"; };
		932A029D2960AFAD000AAD1E /* UserColorSchemeModifier.swift */ = {isa = PBXFileReference; lastKnownFileType = sourcecode.swift; path = UserColorSchemeModifier.swift; sourceTree = "<group>"; };
		932A02A02960B4E8000AAD1E /* AppStorageKeys.swift */ = {isa = PBXFileReference; lastKnownFileType = sourcecode.swift; path = AppStorageKeys.swift; sourceTree = "<group>"; };
		932A02A32960B82F000AAD1E /* AccentStyle.swift */ = {isa = PBXFileReference; lastKnownFileType = sourcecode.swift; path = AccentStyle.swift; sourceTree = "<group>"; };
		932A02A52960BC6A000AAD1E /* AccentsPicker.swift */ = {isa = PBXFileReference; lastKnownFileType = sourcecode.swift; path = AccentsPicker.swift; sourceTree = "<group>"; };
		932A02A729620FEA000AAD1E /* Watch.swift */ = {isa = PBXFileReference; lastKnownFileType = sourcecode.swift; path = Watch.swift; sourceTree = "<group>"; };
		932A02A92962165F000AAD1E /* WatchDayDisplay.swift */ = {isa = PBXFileReference; lastKnownFileType = sourcecode.swift; path = WatchDayDisplay.swift; sourceTree = "<group>"; };
		932A02AB29621979000AAD1E /* Info.plist */ = {isa = PBXFileReference; lastKnownFileType = text.plist; path = Info.plist; sourceTree = "<group>"; };
		932A02AC2964D42A000AAD1E /* LocationPicker.swift */ = {isa = PBXFileReference; lastKnownFileType = sourcecode.swift; path = LocationPicker.swift; sourceTree = "<group>"; };
		932A02AE29651E7E000AAD1E /* LocationCell.swift */ = {isa = PBXFileReference; lastKnownFileType = sourcecode.swift; path = LocationCell.swift; sourceTree = "<group>"; };
		932A02B029666A0E000AAD1E /* WatchSelectionDialog.swift */ = {isa = PBXFileReference; lastKnownFileType = sourcecode.swift; path = WatchSelectionDialog.swift; sourceTree = "<group>"; };
		932A02B329666CF7000AAD1E /* DashboardView.swift */ = {isa = PBXFileReference; lastKnownFileType = sourcecode.swift; path = DashboardView.swift; sourceTree = "<group>"; };
/* End PBXFileReference section */

/* Begin PBXFrameworksBuildPhase section */
		932A0275295B983F000AAD1E /* Frameworks */ = {
			isa = PBXFrameworksBuildPhase;
			buildActionMask = 2147483647;
			files = (
			);
			runOnlyForDeploymentPostprocessing = 0;
		};
/* End PBXFrameworksBuildPhase section */

/* Begin PBXGroup section */
		932A026F295B983F000AAD1E = {
			isa = PBXGroup;
			children = (
				932A027A295B983F000AAD1E /* Rainminder */,
				932A0279295B983F000AAD1E /* Products */,
			);
			sourceTree = "<group>";
		};
		932A0279295B983F000AAD1E /* Products */ = {
			isa = PBXGroup;
			children = (
				932A0278295B983F000AAD1E /* Rainminder.app */,
			);
			name = Products;
			sourceTree = "<group>";
		};
		932A027A295B983F000AAD1E /* Rainminder */ = {
			isa = PBXGroup;
			children = (
				932A027B295B983F000AAD1E /* RainminderApp.swift */,
				932A027D295B983F000AAD1E /* ContentView.swift */,
				932A027F295B9841000AAD1E /* Assets.xcassets */,
				932A02AB29621979000AAD1E /* Info.plist */,
				932A02B629666F3A000AAD1E /* Models */,
				932A02B529666F1D000AAD1E /* Extensions */,
				932A029F2960B4C4000AAD1E /* Utilities */,
				932A0289295B98D8000AAD1E /* Views */,
				932A0281295B9841000AAD1E /* Preview Content */,
			);
			path = Rainminder;
			sourceTree = "<group>";
		};
		932A0281295B9841000AAD1E /* Preview Content */ = {
			isa = PBXGroup;
			children = (
				932A0282295B9841000AAD1E /* Preview Assets.xcassets */,
			);
			path = "Preview Content";
			sourceTree = "<group>";
		};
		932A0289295B98D8000AAD1E /* Views */ = {
			isa = PBXGroup;
			children = (
				932A02B229666CE5000AAD1E /* Dashboard */,
				932A02B729666F6F000AAD1E /* Locations */,
				932A02A22960B743000AAD1E /* Settings */,
				932A0294295D0098000AAD1E /* Watches */,
			);
			path = Views;
			sourceTree = "<group>";
		};
		932A0294295D0098000AAD1E /* Watches */ = {
			isa = PBXGroup;
			children = (
				932A0292295CC422000AAD1E /* WatchCard.swift */,
				932A0295295D00B0000AAD1E /* WatchCreateView.swift */,
				932A0297295DEE73000AAD1E /* WatchDayToggle.swift */,
				932A02A92962165F000AAD1E /* WatchDayDisplay.swift */,
				932A02B029666A0E000AAD1E /* WatchSelectionDialog.swift */,
			);
			path = Watches;
			sourceTree = "<group>";
		};
		932A029F2960B4C4000AAD1E /* Utilities */ = {
			isa = PBXGroup;
			children = (
				932A02A32960B82F000AAD1E /* AccentStyle.swift */,
				932A02A02960B4E8000AAD1E /* AppStorageKeys.swift */,
				932A029B2960AEC7000AAD1E /* InterfaceStyle.swift */,
				932A029D2960AFAD000AAD1E /* UserColorSchemeModifier.swift */,
			);
			path = Utilities;
			sourceTree = "<group>";
		};
		932A02A22960B743000AAD1E /* Settings */ = {
			isa = PBXGroup;
			children = (
				932A0299296087CF000AAD1E /* SettingsView.swift */,
				932A02A52960BC6A000AAD1E /* AccentsPicker.swift */,
				932A02AC2964D42A000AAD1E /* LocationPicker.swift */,
			);
			path = Settings;
			sourceTree = "<group>";
		};
		932A02B229666CE5000AAD1E /* Dashboard */ = {
			isa = PBXGroup;
			children = (
				932A02B329666CF7000AAD1E /* DashboardView.swift */,
				932A028A295B98EB000AAD1E /* InfoCard.swift */,
				932A028C295B9A51000AAD1E /* InfoGrid.swift */,
				932A028E295BA1B2000AAD1E /* WeekSummary.swift */,
			);
			path = Dashboard;
			sourceTree = "<group>";
		};
		932A02B529666F1D000AAD1E /* Extensions */ = {
			isa = PBXGroup;
			children = (
				932A0290295BA383000AAD1E /* Calendar+Ext.swift */,
			);
			path = Extensions;
			sourceTree = "<group>";
		};
		932A02B629666F3A000AAD1E /* Models */ = {
			isa = PBXGroup;
			children = (
				932A02A729620FEA000AAD1E /* Watch.swift */,
			);
			path = Models;
			sourceTree = "<group>";
		};
		932A02B729666F6F000AAD1E /* Locations */ = {
			isa = PBXGroup;
			children = (
				932A02AE29651E7E000AAD1E /* LocationCell.swift */,
			);
			path = Locations;
			sourceTree = "<group>";
		};
/* End PBXGroup section */

/* Begin PBXNativeTarget section */
		932A0277295B983F000AAD1E /* Rainminder */ = {
			isa = PBXNativeTarget;
			buildConfigurationList = 932A0286295B9841000AAD1E /* Build configuration list for PBXNativeTarget "Rainminder" */;
			buildPhases = (
				932A0274295B983F000AAD1E /* Sources */,
				932A0275295B983F000AAD1E /* Frameworks */,
				932A0276295B983F000AAD1E /* Resources */,
			);
			buildRules = (
			);
			dependencies = (
			);
			name = Rainminder;
			productName = Rainminder;
			productReference = 932A0278295B983F000AAD1E /* Rainminder.app */;
			productType = "com.apple.product-type.application";
		};
/* End PBXNativeTarget section */

/* Begin PBXProject section */
		932A0270295B983F000AAD1E /* Project object */ = {
			isa = PBXProject;
			attributes = {
				BuildIndependentTargetsInParallel = 1;
				LastSwiftUpdateCheck = 1420;
				LastUpgradeCheck = 1420;
				TargetAttributes = {
					932A0277295B983F000AAD1E = {
						CreatedOnToolsVersion = 14.2;
					};
				};
			};
			buildConfigurationList = 932A0273295B983F000AAD1E /* Build configuration list for PBXProject "Rainminder" */;
			compatibilityVersion = "Xcode 14.0";
			developmentRegion = en;
			hasScannedForEncodings = 0;
			knownRegions = (
				en,
				Base,
			);
			mainGroup = 932A026F295B983F000AAD1E;
			productRefGroup = 932A0279295B983F000AAD1E /* Products */;
			projectDirPath = "";
			projectRoot = "";
			targets = (
				932A0277295B983F000AAD1E /* Rainminder */,
			);
		};
/* End PBXProject section */

/* Begin PBXResourcesBuildPhase section */
		932A0276295B983F000AAD1E /* Resources */ = {
			isa = PBXResourcesBuildPhase;
			buildActionMask = 2147483647;
			files = (
				932A0283295B9841000AAD1E /* Preview Assets.xcassets in Resources */,
				932A0280295B9841000AAD1E /* Assets.xcassets in Resources */,
			);
			runOnlyForDeploymentPostprocessing = 0;
		};
/* End PBXResourcesBuildPhase section */

/* Begin PBXSourcesBuildPhase section */
		932A0274295B983F000AAD1E /* Sources */ = {
			isa = PBXSourcesBuildPhase;
			buildActionMask = 2147483647;
			files = (
				932A0293295CC422000AAD1E /* WatchCard.swift in Sources */,
				932A02A12960B4E8000AAD1E /* AppStorageKeys.swift in Sources */,
				932A027E295B983F000AAD1E /* ContentView.swift in Sources */,
				932A02AD2964D42A000AAD1E /* LocationPicker.swift in Sources */,
				932A02A42960B82F000AAD1E /* AccentStyle.swift in Sources */,
				932A029E2960AFAD000AAD1E /* UserColorSchemeModifier.swift in Sources */,
				932A02A62960BC6A000AAD1E /* AccentsPicker.swift in Sources */,
				932A0291295BA383000AAD1E /* Calendar+Ext.swift in Sources */,
				932A0298295DEE73000AAD1E /* WatchDayToggle.swift in Sources */,
				932A028B295B98EB000AAD1E /* InfoCard.swift in Sources */,
				932A02B429666CF7000AAD1E /* DashboardView.swift in Sources */,
				932A029A296087CF000AAD1E /* SettingsView.swift in Sources */,
				932A027C295B983F000AAD1E /* RainminderApp.swift in Sources */,
				932A029C2960AEC8000AAD1E /* InterfaceStyle.swift in Sources */,
				932A028F295BA1B2000AAD1E /* WeekSummary.swift in Sources */,
				932A02A829620FEA000AAD1E /* Watch.swift in Sources */,
				932A02AF29651E7E000AAD1E /* LocationCell.swift in Sources */,
				932A02AA2962165F000AAD1E /* WatchDayDisplay.swift in Sources */,
				932A0296295D00B0000AAD1E /* WatchCreateView.swift in Sources */,
				932A02B129666A0E000AAD1E /* WatchSelectionDialog.swift in Sources */,
				932A028D295B9A51000AAD1E /* InfoGrid.swift in Sources */,
			);
			runOnlyForDeploymentPostprocessing = 0;
		};
/* End PBXSourcesBuildPhase section */

/* Begin XCBuildConfiguration section */
		932A0284295B9841000AAD1E /* Debug */ = {
			isa = XCBuildConfiguration;
			buildSettings = {
				ALWAYS_SEARCH_USER_PATHS = NO;
				CLANG_ANALYZER_NONNULL = YES;
				CLANG_ANALYZER_NUMBER_OBJECT_CONVERSION = YES_AGGRESSIVE;
				CLANG_CXX_LANGUAGE_STANDARD = "gnu++20";
				CLANG_ENABLE_MODULES = YES;
				CLANG_ENABLE_OBJC_ARC = YES;
				CLANG_ENABLE_OBJC_WEAK = YES;
				CLANG_WARN_BLOCK_CAPTURE_AUTORELEASING = YES;
				CLANG_WARN_BOOL_CONVERSION = YES;
				CLANG_WARN_COMMA = YES;
				CLANG_WARN_CONSTANT_CONVERSION = YES;
				CLANG_WARN_DEPRECATED_OBJC_IMPLEMENTATIONS = YES;
				CLANG_WARN_DIRECT_OBJC_ISA_USAGE = YES_ERROR;
				CLANG_WARN_DOCUMENTATION_COMMENTS = YES;
				CLANG_WARN_EMPTY_BODY = YES;
				CLANG_WARN_ENUM_CONVERSION = YES;
				CLANG_WARN_INFINITE_RECURSION = YES;
				CLANG_WARN_INT_CONVERSION = YES;
				CLANG_WARN_NON_LITERAL_NULL_CONVERSION = YES;
				CLANG_WARN_OBJC_IMPLICIT_RETAIN_SELF = YES;
				CLANG_WARN_OBJC_LITERAL_CONVERSION = YES;
				CLANG_WARN_OBJC_ROOT_CLASS = YES_ERROR;
				CLANG_WARN_QUOTED_INCLUDE_IN_FRAMEWORK_HEADER = YES;
				CLANG_WARN_RANGE_LOOP_ANALYSIS = YES;
				CLANG_WARN_STRICT_PROTOTYPES = YES;
				CLANG_WARN_SUSPICIOUS_MOVE = YES;
				CLANG_WARN_UNGUARDED_AVAILABILITY = YES_AGGRESSIVE;
				CLANG_WARN_UNREACHABLE_CODE = YES;
				CLANG_WARN__DUPLICATE_METHOD_MATCH = YES;
				COPY_PHASE_STRIP = NO;
				DEBUG_INFORMATION_FORMAT = dwarf;
				ENABLE_STRICT_OBJC_MSGSEND = YES;
				ENABLE_TESTABILITY = YES;
				GCC_C_LANGUAGE_STANDARD = gnu11;
				GCC_DYNAMIC_NO_PIC = NO;
				GCC_NO_COMMON_BLOCKS = YES;
				GCC_OPTIMIZATION_LEVEL = 0;
				GCC_PREPROCESSOR_DEFINITIONS = (
					"DEBUG=1",
					"$(inherited)",
				);
				GCC_WARN_64_TO_32_BIT_CONVERSION = YES;
				GCC_WARN_ABOUT_RETURN_TYPE = YES_ERROR;
				GCC_WARN_UNDECLARED_SELECTOR = YES;
				GCC_WARN_UNINITIALIZED_AUTOS = YES_AGGRESSIVE;
				GCC_WARN_UNUSED_FUNCTION = YES;
				GCC_WARN_UNUSED_VARIABLE = YES;
				IPHONEOS_DEPLOYMENT_TARGET = 16.2;
				MTL_ENABLE_DEBUG_INFO = INCLUDE_SOURCE;
				MTL_FAST_MATH = YES;
				ONLY_ACTIVE_ARCH = YES;
				SDKROOT = iphoneos;
				SWIFT_ACTIVE_COMPILATION_CONDITIONS = DEBUG;
				SWIFT_OPTIMIZATION_LEVEL = "-Onone";
			};
			name = Debug;
		};
		932A0285295B9841000AAD1E /* Release */ = {
			isa = XCBuildConfiguration;
			buildSettings = {
				ALWAYS_SEARCH_USER_PATHS = NO;
				CLANG_ANALYZER_NONNULL = YES;
				CLANG_ANALYZER_NUMBER_OBJECT_CONVERSION = YES_AGGRESSIVE;
				CLANG_CXX_LANGUAGE_STANDARD = "gnu++20";
				CLANG_ENABLE_MODULES = YES;
				CLANG_ENABLE_OBJC_ARC = YES;
				CLANG_ENABLE_OBJC_WEAK = YES;
				CLANG_WARN_BLOCK_CAPTURE_AUTORELEASING = YES;
				CLANG_WARN_BOOL_CONVERSION = YES;
				CLANG_WARN_COMMA = YES;
				CLANG_WARN_CONSTANT_CONVERSION = YES;
				CLANG_WARN_DEPRECATED_OBJC_IMPLEMENTATIONS = YES;
				CLANG_WARN_DIRECT_OBJC_ISA_USAGE = YES_ERROR;
				CLANG_WARN_DOCUMENTATION_COMMENTS = YES;
				CLANG_WARN_EMPTY_BODY = YES;
				CLANG_WARN_ENUM_CONVERSION = YES;
				CLANG_WARN_INFINITE_RECURSION = YES;
				CLANG_WARN_INT_CONVERSION = YES;
				CLANG_WARN_NON_LITERAL_NULL_CONVERSION = YES;
				CLANG_WARN_OBJC_IMPLICIT_RETAIN_SELF = YES;
				CLANG_WARN_OBJC_LITERAL_CONVERSION = YES;
				CLANG_WARN_OBJC_ROOT_CLASS = YES_ERROR;
				CLANG_WARN_QUOTED_INCLUDE_IN_FRAMEWORK_HEADER = YES;
				CLANG_WARN_RANGE_LOOP_ANALYSIS = YES;
				CLANG_WARN_STRICT_PROTOTYPES = YES;
				CLANG_WARN_SUSPICIOUS_MOVE = YES;
				CLANG_WARN_UNGUARDED_AVAILABILITY = YES_AGGRESSIVE;
				CLANG_WARN_UNREACHABLE_CODE = YES;
				CLANG_WARN__DUPLICATE_METHOD_MATCH = YES;
				COPY_PHASE_STRIP = NO;
				DEBUG_INFORMATION_FORMAT = "dwarf-with-dsym";
				ENABLE_NS_ASSERTIONS = NO;
				ENABLE_STRICT_OBJC_MSGSEND = YES;
				GCC_C_LANGUAGE_STANDARD = gnu11;
				GCC_NO_COMMON_BLOCKS = YES;
				GCC_WARN_64_TO_32_BIT_CONVERSION = YES;
				GCC_WARN_ABOUT_RETURN_TYPE = YES_ERROR;
				GCC_WARN_UNDECLARED_SELECTOR = YES;
				GCC_WARN_UNINITIALIZED_AUTOS = YES_AGGRESSIVE;
				GCC_WARN_UNUSED_FUNCTION = YES;
				GCC_WARN_UNUSED_VARIABLE = YES;
				IPHONEOS_DEPLOYMENT_TARGET = 16.2;
				MTL_ENABLE_DEBUG_INFO = NO;
				MTL_FAST_MATH = YES;
				SDKROOT = iphoneos;
				SWIFT_COMPILATION_MODE = wholemodule;
				SWIFT_OPTIMIZATION_LEVEL = "-O";
				VALIDATE_PRODUCT = YES;
			};
			name = Release;
		};
		932A0287295B9841000AAD1E /* Debug */ = {
			isa = XCBuildConfiguration;
			buildSettings = {
				ASSETCATALOG_COMPILER_APPICON_NAME = AppIcon;
				ASSETCATALOG_COMPILER_GLOBAL_ACCENT_COLOR_NAME = AccentColor;
				CODE_SIGN_STYLE = Automatic;
				CURRENT_PROJECT_VERSION = 1;
				DEVELOPMENT_ASSET_PATHS = "\"Rainminder/Preview Content\"";
				DEVELOPMENT_TEAM = 43SS4W48UT;
				ENABLE_PREVIEWS = YES;
				GENERATE_INFOPLIST_FILE = YES;
				INFOPLIST_FILE = Rainminder/Info.plist;
				INFOPLIST_KEY_UIApplicationSupportsIndirectInputEvents = YES;
				INFOPLIST_KEY_UILaunchScreen_Generation = YES;
				INFOPLIST_KEY_UISupportedInterfaceOrientations_iPad = "UIInterfaceOrientationPortrait UIInterfaceOrientationPortraitUpsideDown UIInterfaceOrientationLandscapeLeft UIInterfaceOrientationLandscapeRight";
				INFOPLIST_KEY_UISupportedInterfaceOrientations_iPhone = "UIInterfaceOrientationPortrait UIInterfaceOrientationLandscapeLeft UIInterfaceOrientationLandscapeRight";
				LD_RUNPATH_SEARCH_PATHS = (
					"$(inherited)",
					"@executable_path/Frameworks",
				);
				MARKETING_VERSION = 1.0;
				PRODUCT_BUNDLE_IDENTIFIER = com.richardmaycode.Rainminder;
				PRODUCT_NAME = "$(TARGET_NAME)";
				SWIFT_EMIT_LOC_STRINGS = YES;
				SWIFT_VERSION = 5.0;
				TARGETED_DEVICE_FAMILY = "1,2";
			};
			name = Debug;
		};
		932A0288295B9841000AAD1E /* Release */ = {
			isa = XCBuildConfiguration;
			buildSettings = {
				ASSETCATALOG_COMPILER_APPICON_NAME = AppIcon;
				ASSETCATALOG_COMPILER_GLOBAL_ACCENT_COLOR_NAME = AccentColor;
				CODE_SIGN_STYLE = Automatic;
				CURRENT_PROJECT_VERSION = 1;
				DEVELOPMENT_ASSET_PATHS = "\"Rainminder/Preview Content\"";
				DEVELOPMENT_TEAM = 43SS4W48UT;
				ENABLE_PREVIEWS = YES;
				GENERATE_INFOPLIST_FILE = YES;
				INFOPLIST_FILE = Rainminder/Info.plist;
				INFOPLIST_KEY_UIApplicationSupportsIndirectInputEvents = YES;
				INFOPLIST_KEY_UILaunchScreen_Generation = YES;
				INFOPLIST_KEY_UISupportedInterfaceOrientations_iPad = "UIInterfaceOrientationPortrait UIInterfaceOrientationPortraitUpsideDown UIInterfaceOrientationLandscapeLeft UIInterfaceOrientationLandscapeRight";
				INFOPLIST_KEY_UISupportedInterfaceOrientations_iPhone = "UIInterfaceOrientationPortrait UIInterfaceOrientationLandscapeLeft UIInterfaceOrientationLandscapeRight";
				LD_RUNPATH_SEARCH_PATHS = (
					"$(inherited)",
					"@executable_path/Frameworks",
				);
				MARKETING_VERSION = 1.0;
				PRODUCT_BUNDLE_IDENTIFIER = com.richardmaycode.Rainminder;
				PRODUCT_NAME = "$(TARGET_NAME)";
				SWIFT_EMIT_LOC_STRINGS = YES;
				SWIFT_VERSION = 5.0;
				TARGETED_DEVICE_FAMILY = "1,2";
			};
			name = Release;
		};
/* End XCBuildConfiguration section */

/* Begin XCConfigurationList section */
		932A0273295B983F000AAD1E /* Build configuration list for PBXProject "Rainminder" */ = {
			isa = XCConfigurationList;
			buildConfigurations = (
				932A0284295B9841000AAD1E /* Debug */,
				932A0285295B9841000AAD1E /* Release */,
			);
			defaultConfigurationIsVisible = 0;
			defaultConfigurationName = Release;
		};
		932A0286295B9841000AAD1E /* Build configuration list for PBXNativeTarget "Rainminder" */ = {
			isa = XCConfigurationList;
			buildConfigurations = (
				932A0287295B9841000AAD1E /* Debug */,
				932A0288295B9841000AAD1E /* Release */,
			);
			defaultConfigurationIsVisible = 0;
			defaultConfigurationName = Release;
		};
/* End XCConfigurationList section */
	};
	rootObject = 932A0270295B983F000AAD1E /* Project object */;
}
